
Microsoft Visual Studio Solution File, Format Version 12.00
# Visual Studio Version 16
VisualStudioVersion = 16.0.30406.217
MinimumVisualStudioVersion = 10.0.40219.1
Project("{FAE04EC0-301F-11D3-BF4B-00C04F79EFBC}") = "Laborator1.SubstitutiiMonoalfabetice", "Laborator1.SubstitutiiMonoalfabetice\Laborator1.SubstitutiiMonoalfabetice.csproj", "{1D52802F-6EFC-42A5-9A71-457A5615A000}"
EndProject
Global
	GlobalSection(SolutionConfigurationPlatforms) = preSolution
		Debug|Any CPU = Debug|Any CPU
		Release|Any CPU = Release|Any CPU
	EndGlobalSection
	GlobalSection(ProjectConfigurationPlatforms) = postSolution
		{1D52802F-6EFC-42A5-9A71-457A5615A000}.Debug|Any CPU.ActiveCfg = Debug|Any CPU
		{1D52802F-6EFC-42A5-9A71-457A5615A000}.Debug|Any CPU.Build.0 = Debug|Any CPU
		{1D52802F-6EFC-42A5-9A71-457A5615A000}.Release|Any CPU.ActiveCfg = Release|Any CPU
		{1D52802F-6EFC-42A5-9A71-457A5615A000}.Release|Any CPU.Build.0 = Release|Any CPU
	EndGlobalSection
	GlobalSection(SolutionProperties) = preSolution
		HideSolutionNode = FALSE
	EndGlobalSection
	GlobalSection(ExtensibilityGlobals) = postSolution
		SolutionGuid = {7139451F-6E7E-4A59-BED6-92D75BABADFB}
	EndGlobalSection
EndGlobal
